// !$*UTF8*$!
{
	archiveVersion = 1;
	classes = {
	};
	objectVersion = 56;
	objects = {

/* Begin PBXBuildFile section */
		6A19FE9329AB82B9001400E6 /* FirebaseFirestore in Frameworks */ = {isa = PBXBuildFile; productRef = 6A19FE9229AB82B9001400E6 /* FirebaseFirestore */; };
		6A19FE9529AB82B9001400E6 /* FirebaseFirestoreSwift in Frameworks */ = {isa = PBXBuildFile; productRef = 6A19FE9429AB82B9001400E6 /* FirebaseFirestoreSwift */; };
		6A19FE9729AB82B9001400E6 /* FirebaseStorage in Frameworks */ = {isa = PBXBuildFile; productRef = 6A19FE9629AB82B9001400E6 /* FirebaseStorage */; };
		6A19FE9929AB8429001400E6 /* User.swift in Sources */ = {isa = PBXBuildFile; fileRef = 6A19FE9829AB8429001400E6 /* User.swift */; };
		6A19FE9B29AB8ABC001400E6 /* LoadingView.swift in Sources */ = {isa = PBXBuildFile; fileRef = 6A19FE9A29AB8ABC001400E6 /* LoadingView.swift */; };
		6A19FE9F29AF252B001400E6 /* RegisterView.swift in Sources */ = {isa = PBXBuildFile; fileRef = 6A19FE9E29AF252B001400E6 /* RegisterView.swift */; };
		6A19FEA229AF259A001400E6 /* View+Extensions.swift in Sources */ = {isa = PBXBuildFile; fileRef = 6A19FEA129AF259A001400E6 /* View+Extensions.swift */; };
		6A19FEA429AF25F6001400E6 /* MainView.swift in Sources */ = {isa = PBXBuildFile; fileRef = 6A19FEA329AF25F6001400E6 /* MainView.swift */; };
		6ABAB3C529A652D400022F81 /* GoogleService-Info.plist in Resources */ = {isa = PBXBuildFile; fileRef = 6ABAB3C429A652D400022F81 /* GoogleService-Info.plist */; };
		6ABAB3C829A6538900022F81 /* FirebaseAuth in Frameworks */ = {isa = PBXBuildFile; productRef = 6ABAB3C729A6538900022F81 /* FirebaseAuth */; };
		6ABAB3CC29A6545500022F81 /* LoginView.swift in Sources */ = {isa = PBXBuildFile; fileRef = 6ABAB3CB29A6545500022F81 /* LoginView.swift */; };
		6ACCD30E2982D2770005599C /* SocialMediaApp.swift in Sources */ = {isa = PBXBuildFile; fileRef = 6ACCD30D2982D2770005599C /* SocialMediaApp.swift */; };
		6ACCD3102982D2770005599C /* ContentView.swift in Sources */ = {isa = PBXBuildFile; fileRef = 6ACCD30F2982D2770005599C /* ContentView.swift */; };
		6ACCD3122982D2780005599C /* Assets.xcassets in Resources */ = {isa = PBXBuildFile; fileRef = 6ACCD3112982D2780005599C /* Assets.xcassets */; };
		6ACCD3152982D2780005599C /* Preview Assets.xcassets in Resources */ = {isa = PBXBuildFile; fileRef = 6ACCD3142982D2780005599C /* Preview Assets.xcassets */; };
		6ACCD31F2982D2780005599C /* SocialMediaTests.swift in Sources */ = {isa = PBXBuildFile; fileRef = 6ACCD31E2982D2780005599C /* SocialMediaTests.swift */; };
		6ACCD3292982D2780005599C /* SocialMediaUITests.swift in Sources */ = {isa = PBXBuildFile; fileRef = 6ACCD3282982D2780005599C /* SocialMediaUITests.swift */; };
		6ACCD32B2982D2780005599C /* SocialMediaUITestsLaunchTests.swift in Sources */ = {isa = PBXBuildFile; fileRef = 6ACCD32A2982D2780005599C /* SocialMediaUITestsLaunchTests.swift */; };
/* End PBXBuildFile section */

/* Begin PBXContainerItemProxy section */
		6ACCD31B2982D2780005599C /* PBXContainerItemProxy */ = {
			isa = PBXContainerItemProxy;
			containerPortal = 6ACCD3022982D2770005599C /* Project object */;
			proxyType = 1;
			remoteGlobalIDString = 6ACCD3092982D2770005599C;
			remoteInfo = SocialMedia;
		};
		6ACCD3252982D2780005599C /* PBXContainerItemProxy */ = {
			isa = PBXContainerItemProxy;
			containerPortal = 6ACCD3022982D2770005599C /* Project object */;
			proxyType = 1;
			remoteGlobalIDString = 6ACCD3092982D2770005599C;
			remoteInfo = SocialMedia;
		};
/* End PBXContainerItemProxy section */

/* Begin PBXFileReference section */
		6A19FE9829AB8429001400E6 /* User.swift */ = {isa = PBXFileReference; lastKnownFileType = sourcecode.swift; path = User.swift; sourceTree = "<group>"; };
		6A19FE9A29AB8ABC001400E6 /* LoadingView.swift */ = {isa = PBXFileReference; lastKnownFileType = sourcecode.swift; path = LoadingView.swift; sourceTree = "<group>"; };
		6A19FE9E29AF252B001400E6 /* RegisterView.swift */ = {isa = PBXFileReference; lastKnownFileType = sourcecode.swift; path = RegisterView.swift; sourceTree = "<group>"; };
		6A19FEA129AF259A001400E6 /* View+Extensions.swift */ = {isa = PBXFileReference; lastKnownFileType = sourcecode.swift; path = "View+Extensions.swift"; sourceTree = "<group>"; };
		6A19FEA329AF25F6001400E6 /* MainView.swift */ = {isa = PBXFileReference; lastKnownFileType = sourcecode.swift; path = MainView.swift; sourceTree = "<group>"; };
		6ABAB3C429A652D400022F81 /* GoogleService-Info.plist */ = {isa = PBXFileReference; lastKnownFileType = text.plist; path = "GoogleService-Info.plist"; sourceTree = SOURCE_ROOT; };
		6ABAB3CB29A6545500022F81 /* LoginView.swift */ = {isa = PBXFileReference; lastKnownFileType = sourcecode.swift; path = LoginView.swift; sourceTree = "<group>"; };
		6ACCD30A2982D2770005599C /* SocialMedia.app */ = {isa = PBXFileReference; explicitFileType = wrapper.application; includeInIndex = 0; path = SocialMedia.app; sourceTree = BUILT_PRODUCTS_DIR; };
		6ACCD30D2982D2770005599C /* SocialMediaApp.swift */ = {isa = PBXFileReference; lastKnownFileType = sourcecode.swift; path = SocialMediaApp.swift; sourceTree = "<group>"; };
		6ACCD30F2982D2770005599C /* ContentView.swift */ = {isa = PBXFileReference; lastKnownFileType = sourcecode.swift; path = ContentView.swift; sourceTree = "<group>"; };
		6ACCD3112982D2780005599C /* Assets.xcassets */ = {isa = PBXFileReference; lastKnownFileType = folder.assetcatalog; path = Assets.xcassets; sourceTree = "<group>"; };
		6ACCD3142982D2780005599C /* Preview Assets.xcassets */ = {isa = PBXFileReference; lastKnownFileType = folder.assetcatalog; path = "Preview Assets.xcassets"; sourceTree = "<group>"; };
		6ACCD31A2982D2780005599C /* SocialMediaTests.xctest */ = {isa = PBXFileReference; explicitFileType = wrapper.cfbundle; includeInIndex = 0; path = SocialMediaTests.xctest; sourceTree = BUILT_PRODUCTS_DIR; };
		6ACCD31E2982D2780005599C /* SocialMediaTests.swift */ = {isa = PBXFileReference; lastKnownFileType = sourcecode.swift; path = SocialMediaTests.swift; sourceTree = "<group>"; };
		6ACCD3242982D2780005599C /* SocialMediaUITests.xctest */ = {isa = PBXFileReference; explicitFileType = wrapper.cfbundle; includeInIndex = 0; path = SocialMediaUITests.xctest; sourceTree = BUILT_PRODUCTS_DIR; };
		6ACCD3282982D2780005599C /* SocialMediaUITests.swift */ = {isa = PBXFileReference; lastKnownFileType = sourcecode.swift; path = SocialMediaUITests.swift; sourceTree = "<group>"; };
		6ACCD32A2982D2780005599C /* SocialMediaUITestsLaunchTests.swift */ = {isa = PBXFileReference; lastKnownFileType = sourcecode.swift; path = SocialMediaUITestsLaunchTests.swift; sourceTree = "<group>"; };
/* End PBXFileReference section */

/* Begin PBXFrameworksBuildPhase section */
		6ACCD3072982D2770005599C /* Frameworks */ = {
			isa = PBXFrameworksBuildPhase;
			buildActionMask = 2147483647;
			files = (
				6ABAB3C829A6538900022F81 /* FirebaseAuth in Frameworks */,
				6A19FE9729AB82B9001400E6 /* FirebaseStorage in Frameworks */,
				6A19FE9329AB82B9001400E6 /* FirebaseFirestore in Frameworks */,
				6A19FE9529AB82B9001400E6 /* FirebaseFirestoreSwift in Frameworks */,
			);
			runOnlyForDeploymentPostprocessing = 0;
		};
		6ACCD3172982D2780005599C /* Frameworks */ = {
			isa = PBXFrameworksBuildPhase;
			buildActionMask = 2147483647;
			files = (
			);
			runOnlyForDeploymentPostprocessing = 0;
		};
		6ACCD3212982D2780005599C /* Frameworks */ = {
			isa = PBXFrameworksBuildPhase;
			buildActionMask = 2147483647;
			files = (
			);
			runOnlyForDeploymentPostprocessing = 0;
		};
/* End PBXFrameworksBuildPhase section */

/* Begin PBXGroup section */
		6A19FE9129AB82B9001400E6 /* Frameworks */ = {
			isa = PBXGroup;
			children = (
			);
			name = Frameworks;
			sourceTree = "<group>";
		};
		6A19FE9C29AF250B001400E6 /* Login */ = {
			isa = PBXGroup;
			children = (
				6ABAB3CB29A6545500022F81 /* LoginView.swift */,
				6A19FE9E29AF252B001400E6 /* RegisterView.swift */,
			);
			path = Login;
			sourceTree = "<group>";
		};
		6A19FE9D29AF2514001400E6 /* MainView */ = {
			isa = PBXGroup;
			children = (
				6A19FEA329AF25F6001400E6 /* MainView.swift */,
			);
			path = MainView;
			sourceTree = "<group>";
		};
		6A19FEA029AF2586001400E6 /* Helpers */ = {
			isa = PBXGroup;
			children = (
				6A19FEA129AF259A001400E6 /* View+Extensions.swift */,
			);
			path = Helpers;
			sourceTree = "<group>";
		};
		6ABAB3C929A6543000022F81 /* View */ = {
			isa = PBXGroup;
			children = (
				6A19FEA029AF2586001400E6 /* Helpers */,
				6A19FE9D29AF2514001400E6 /* MainView */,
				6A19FE9C29AF250B001400E6 /* Login */,
				6A19FE9A29AB8ABC001400E6 /* LoadingView.swift */,
			);
			path = View;
			sourceTree = "<group>";
		};
		6ABAB3CA29A6543E00022F81 /* Model */ = {
			isa = PBXGroup;
			children = (
				6A19FE9829AB8429001400E6 /* User.swift */,
			);
			path = Model;
			sourceTree = "<group>";
		};
		6ACCD3012982D2770005599C = {
			isa = PBXGroup;
			children = (
				6ACCD30C2982D2770005599C /* SocialMedia */,
				6ACCD31D2982D2780005599C /* SocialMediaTests */,
				6ACCD3272982D2780005599C /* SocialMediaUITests */,
				6ACCD30B2982D2770005599C /* Products */,
				6A19FE9129AB82B9001400E6 /* Frameworks */,
			);
			sourceTree = "<group>";
		};
		6ACCD30B2982D2770005599C /* Products */ = {
			isa = PBXGroup;
			children = (
				6ACCD30A2982D2770005599C /* SocialMedia.app */,
				6ACCD31A2982D2780005599C /* SocialMediaTests.xctest */,
				6ACCD3242982D2780005599C /* SocialMediaUITests.xctest */,
			);
			name = Products;
			sourceTree = "<group>";
		};
		6ACCD30C2982D2770005599C /* SocialMedia */ = {
			isa = PBXGroup;
			children = (
				6ABAB3CA29A6543E00022F81 /* Model */,
				6ABAB3C929A6543000022F81 /* View */,
				6ABAB3C429A652D400022F81 /* GoogleService-Info.plist */,
				6ACCD30D2982D2770005599C /* SocialMediaApp.swift */,
				6ACCD30F2982D2770005599C /* ContentView.swift */,
				6ACCD3112982D2780005599C /* Assets.xcassets */,
				6ACCD3132982D2780005599C /* Preview Content */,
			);
			path = SocialMedia;
			sourceTree = "<group>";
		};
		6ACCD3132982D2780005599C /* Preview Content */ = {
			isa = PBXGroup;
			children = (
				6ACCD3142982D2780005599C /* Preview Assets.xcassets */,
			);
			path = "Preview Content";
			sourceTree = "<group>";
		};
		6ACCD31D2982D2780005599C /* SocialMediaTests */ = {
			isa = PBXGroup;
			children = (
				6ACCD31E2982D2780005599C /* SocialMediaTests.swift */,
			);
			path = SocialMediaTests;
			sourceTree = "<group>";
		};
		6ACCD3272982D2780005599C /* SocialMediaUITests */ = {
			isa = PBXGroup;
			children = (
				6ACCD3282982D2780005599C /* SocialMediaUITests.swift */,
				6ACCD32A2982D2780005599C /* SocialMediaUITestsLaunchTests.swift */,
			);
			path = SocialMediaUITests;
			sourceTree = "<group>";
		};
/* End PBXGroup section */

/* Begin PBXNativeTarget section */
		6ACCD3092982D2770005599C /* SocialMedia */ = {
			isa = PBXNativeTarget;
			buildConfigurationList = 6ACCD32E2982D2780005599C /* Build configuration list for PBXNativeTarget "SocialMedia" */;
			buildPhases = (
				6ACCD3062982D2770005599C /* Sources */,
				6ACCD3072982D2770005599C /* Frameworks */,
				6ACCD3082982D2770005599C /* Resources */,
			);
			buildRules = (
			);
			dependencies = (
			);
			name = SocialMedia;
			packageProductDependencies = (
				6ABAB3C729A6538900022F81 /* FirebaseAuth */,
				6A19FE9229AB82B9001400E6 /* FirebaseFirestore */,
				6A19FE9429AB82B9001400E6 /* FirebaseFirestoreSwift */,
				6A19FE9629AB82B9001400E6 /* FirebaseStorage */,
			);
			productName = SocialMedia;
			productReference = 6ACCD30A2982D2770005599C /* SocialMedia.app */;
			productType = "com.apple.product-type.application";
		};
		6ACCD3192982D2780005599C /* SocialMediaTests */ = {
			isa = PBXNativeTarget;
			buildConfigurationList = 6ACCD3312982D2780005599C /* Build configuration list for PBXNativeTarget "SocialMediaTests" */;
			buildPhases = (
				6ACCD3162982D2780005599C /* Sources */,
				6ACCD3172982D2780005599C /* Frameworks */,
				6ACCD3182982D2780005599C /* Resources */,
			);
			buildRules = (
			);
			dependencies = (
				6ACCD31C2982D2780005599C /* PBXTargetDependency */,
			);
			name = SocialMediaTests;
			productName = SocialMediaTests;
			productReference = 6ACCD31A2982D2780005599C /* SocialMediaTests.xctest */;
			productType = "com.apple.product-type.bundle.unit-test";
		};
		6ACCD3232982D2780005599C /* SocialMediaUITests */ = {
			isa = PBXNativeTarget;
			buildConfigurationList = 6ACCD3342982D2780005599C /* Build configuration list for PBXNativeTarget "SocialMediaUITests" */;
			buildPhases = (
				6ACCD3202982D2780005599C /* Sources */,
				6ACCD3212982D2780005599C /* Frameworks */,
				6ACCD3222982D2780005599C /* Resources */,
			);
			buildRules = (
			);
			dependencies = (
				6ACCD3262982D2780005599C /* PBXTargetDependency */,
			);
			name = SocialMediaUITests;
			productName = SocialMediaUITests;
			productReference = 6ACCD3242982D2780005599C /* SocialMediaUITests.xctest */;
			productType = "com.apple.product-type.bundle.ui-testing";
		};
/* End PBXNativeTarget section */

/* Begin PBXProject section */
		6ACCD3022982D2770005599C /* Project object */ = {
			isa = PBXProject;
			attributes = {
				BuildIndependentTargetsInParallel = 1;
				LastSwiftUpdateCheck = 1420;
				LastUpgradeCheck = 1420;
				TargetAttributes = {
					6ACCD3092982D2770005599C = {
						CreatedOnToolsVersion = 14.2;
					};
					6ACCD3192982D2780005599C = {
						CreatedOnToolsVersion = 14.2;
						TestTargetID = 6ACCD3092982D2770005599C;
					};
					6ACCD3232982D2780005599C = {
						CreatedOnToolsVersion = 14.2;
						TestTargetID = 6ACCD3092982D2770005599C;
					};
				};
			};
			buildConfigurationList = 6ACCD3052982D2770005599C /* Build configuration list for PBXProject "SocialMedia" */;
			compatibilityVersion = "Xcode 14.0";
			developmentRegion = en;
			hasScannedForEncodings = 0;
			knownRegions = (
				en,
				Base,
			);
			mainGroup = 6ACCD3012982D2770005599C;
			packageReferences = (
				6ABAB3C629A6538900022F81 /* XCRemoteSwiftPackageReference "firebase-ios-sdk" */,
			);
			productRefGroup = 6ACCD30B2982D2770005599C /* Products */;
			projectDirPath = "";
			projectRoot = "";
			targets = (
				6ACCD3092982D2770005599C /* SocialMedia */,
				6ACCD3192982D2780005599C /* SocialMediaTests */,
				6ACCD3232982D2780005599C /* SocialMediaUITests */,
			);
		};
/* End PBXProject section */

/* Begin PBXResourcesBuildPhase section */
		6ACCD3082982D2770005599C /* Resources */ = {
			isa = PBXResourcesBuildPhase;
			buildActionMask = 2147483647;
			files = (
				6ACCD3152982D2780005599C /* Preview Assets.xcassets in Resources */,
				6ACCD3122982D2780005599C /* Assets.xcassets in Resources */,
				6ABAB3C529A652D400022F81 /* GoogleService-Info.plist in Resources */,
			);
			runOnlyForDeploymentPostprocessing = 0;
		};
		6ACCD3182982D2780005599C /* Resources */ = {
			isa = PBXResourcesBuildPhase;
			buildActionMask = 2147483647;
			files = (
			);
			runOnlyForDeploymentPostprocessing = 0;
		};
		6ACCD3222982D2780005599C /* Resources */ = {
			isa = PBXResourcesBuildPhase;
			buildActionMask = 2147483647;
			files = (
			);
			runOnlyForDeploymentPostprocessing = 0;
		};
/* End PBXResourcesBuildPhase section */

/* Begin PBXSourcesBuildPhase section */
		6ACCD3062982D2770005599C /* Sources */ = {
			isa = PBXSourcesBuildPhase;
			buildActionMask = 2147483647;
			files = (
				6A19FE9929AB8429001400E6 /* User.swift in Sources */,
				6A19FEA429AF25F6001400E6 /* MainView.swift in Sources */,
				6ABAB3CC29A6545500022F81 /* LoginView.swift in Sources */,
				6ACCD3102982D2770005599C /* ContentView.swift in Sources */,
				6A19FEA229AF259A001400E6 /* View+Extensions.swift in Sources */,
				6A19FE9F29AF252B001400E6 /* RegisterView.swift in Sources */,
				6A19FE9B29AB8ABC001400E6 /* LoadingView.swift in Sources */,
				6ACCD30E2982D2770005599C /* SocialMediaApp.swift in Sources */,
			);
			runOnlyForDeploymentPostprocessing = 0;
		};
		6ACCD3162982D2780005599C /* Sources */ = {
			isa = PBXSourcesBuildPhase;
			buildActionMask = 2147483647;
			files = (
				6ACCD31F2982D2780005599C /* SocialMediaTests.swift in Sources */,
			);
			runOnlyForDeploymentPostprocessing = 0;
		};
		6ACCD3202982D2780005599C /* Sources */ = {
			isa = PBXSourcesBuildPhase;
			buildActionMask = 2147483647;
			files = (
				6ACCD32B2982D2780005599C /* SocialMediaUITestsLaunchTests.swift in Sources */,
				6ACCD3292982D2780005599C /* SocialMediaUITests.swift in Sources */,
			);
			runOnlyForDeploymentPostprocessing = 0;
		};
/* End PBXSourcesBuildPhase section */

/* Begin PBXTargetDependency section */
		6ACCD31C2982D2780005599C /* PBXTargetDependency */ = {
			isa = PBXTargetDependency;
			target = 6ACCD3092982D2770005599C /* SocialMedia */;
			targetProxy = 6ACCD31B2982D2780005599C /* PBXContainerItemProxy */;
		};
		6ACCD3262982D2780005599C /* PBXTargetDependency */ = {
			isa = PBXTargetDependency;
			target = 6ACCD3092982D2770005599C /* SocialMedia */;
			targetProxy = 6ACCD3252982D2780005599C /* PBXContainerItemProxy */;
		};
/* End PBXTargetDependency section */

/* Begin XCBuildConfiguration section */
		6ACCD32C2982D2780005599C /* Debug */ = {
			isa = XCBuildConfiguration;
			buildSettings = {
				ALWAYS_SEARCH_USER_PATHS = NO;
				CLANG_ANALYZER_NONNULL = YES;
				CLANG_ANALYZER_NUMBER_OBJECT_CONVERSION = YES_AGGRESSIVE;
				CLANG_CXX_LANGUAGE_STANDARD = "gnu++20";
				CLANG_ENABLE_MODULES = YES;
				CLANG_ENABLE_OBJC_ARC = YES;
				CLANG_ENABLE_OBJC_WEAK = YES;
				CLANG_WARN_BLOCK_CAPTURE_AUTORELEASING = YES;
				CLANG_WARN_BOOL_CONVERSION = YES;
				CLANG_WARN_COMMA = YES;
				CLANG_WARN_CONSTANT_CONVERSION = YES;
				CLANG_WARN_DEPRECATED_OBJC_IMPLEMENTATIONS = YES;
				CLANG_WARN_DIRECT_OBJC_ISA_USAGE = YES_ERROR;
				CLANG_WARN_DOCUMENTATION_COMMENTS = YES;
				CLANG_WARN_EMPTY_BODY = YES;
				CLANG_WARN_ENUM_CONVERSION = YES;
				CLANG_WARN_INFINITE_RECURSION = YES;
				CLANG_WARN_INT_CONVERSION = YES;
				CLANG_WARN_NON_LITERAL_NULL_CONVERSION = YES;
				CLANG_WARN_OBJC_IMPLICIT_RETAIN_SELF = YES;
				CLANG_WARN_OBJC_LITERAL_CONVERSION = YES;
				CLANG_WARN_OBJC_ROOT_CLASS = YES_ERROR;
				CLANG_WARN_QUOTED_INCLUDE_IN_FRAMEWORK_HEADER = YES;
				CLANG_WARN_RANGE_LOOP_ANALYSIS = YES;
				CLANG_WARN_STRICT_PROTOTYPES = YES;
				CLANG_WARN_SUSPICIOUS_MOVE = YES;
				CLANG_WARN_UNGUARDED_AVAILABILITY = YES_AGGRESSIVE;
				CLANG_WARN_UNREACHABLE_CODE = YES;
				CLANG_WARN__DUPLICATE_METHOD_MATCH = YES;
				COPY_PHASE_STRIP = NO;
				DEBUG_INFORMATION_FORMAT = dwarf;
				ENABLE_STRICT_OBJC_MSGSEND = YES;
				ENABLE_TESTABILITY = YES;
				GCC_C_LANGUAGE_STANDARD = gnu11;
				GCC_DYNAMIC_NO_PIC = NO;
				GCC_NO_COMMON_BLOCKS = YES;
				GCC_OPTIMIZATION_LEVEL = 0;
				GCC_PREPROCESSOR_DEFINITIONS = (
					"DEBUG=1",
					"$(inherited)",
				);
				GCC_WARN_64_TO_32_BIT_CONVERSION = YES;
				GCC_WARN_ABOUT_RETURN_TYPE = YES_ERROR;
				GCC_WARN_UNDECLARED_SELECTOR = YES;
				GCC_WARN_UNINITIALIZED_AUTOS = YES_AGGRESSIVE;
				GCC_WARN_UNUSED_FUNCTION = YES;
				GCC_WARN_UNUSED_VARIABLE = YES;
				IPHONEOS_DEPLOYMENT_TARGET = 16.2;
				MTL_ENABLE_DEBUG_INFO = INCLUDE_SOURCE;
				MTL_FAST_MATH = YES;
				ONLY_ACTIVE_ARCH = YES;
				SDKROOT = iphoneos;
				SWIFT_ACTIVE_COMPILATION_CONDITIONS = DEBUG;
				SWIFT_OPTIMIZATION_LEVEL = "-Onone";
			};
			name = Debug;
		};
		6ACCD32D2982D2780005599C /* Release */ = {
			isa = XCBuildConfiguration;
			buildSettings = {
				ALWAYS_SEARCH_USER_PATHS = NO;
				CLANG_ANALYZER_NONNULL = YES;
				CLANG_ANALYZER_NUMBER_OBJECT_CONVERSION = YES_AGGRESSIVE;
				CLANG_CXX_LANGUAGE_STANDARD = "gnu++20";
				CLANG_ENABLE_MODULES = YES;
				CLANG_ENABLE_OBJC_ARC = YES;
				CLANG_ENABLE_OBJC_WEAK = YES;
				CLANG_WARN_BLOCK_CAPTURE_AUTORELEASING = YES;
				CLANG_WARN_BOOL_CONVERSION = YES;
				CLANG_WARN_COMMA = YES;
				CLANG_WARN_CONSTANT_CONVERSION = YES;
				CLANG_WARN_DEPRECATED_OBJC_IMPLEMENTATIONS = YES;
				CLANG_WARN_DIRECT_OBJC_ISA_USAGE = YES_ERROR;
				CLANG_WARN_DOCUMENTATION_COMMENTS = YES;
				CLANG_WARN_EMPTY_BODY = YES;
				CLANG_WARN_ENUM_CONVERSION = YES;
				CLANG_WARN_INFINITE_RECURSION = YES;
				CLANG_WARN_INT_CONVERSION = YES;
				CLANG_WARN_NON_LITERAL_NULL_CONVERSION = YES;
				CLANG_WARN_OBJC_IMPLICIT_RETAIN_SELF = YES;
				CLANG_WARN_OBJC_LITERAL_CONVERSION = YES;
				CLANG_WARN_OBJC_ROOT_CLASS = YES_ERROR;
				CLANG_WARN_QUOTED_INCLUDE_IN_FRAMEWORK_HEADER = YES;
				CLANG_WARN_RANGE_LOOP_ANALYSIS = YES;
				CLANG_WARN_STRICT_PROTOTYPES = YES;
				CLANG_WARN_SUSPICIOUS_MOVE = YES;
				CLANG_WARN_UNGUARDED_AVAILABILITY = YES_AGGRESSIVE;
				CLANG_WARN_UNREACHABLE_CODE = YES;
				CLANG_WARN__DUPLICATE_METHOD_MATCH = YES;
				COPY_PHASE_STRIP = NO;
				DEBUG_INFORMATION_FORMAT = "dwarf-with-dsym";
				ENABLE_NS_ASSERTIONS = NO;
				ENABLE_STRICT_OBJC_MSGSEND = YES;
				GCC_C_LANGUAGE_STANDARD = gnu11;
				GCC_NO_COMMON_BLOCKS = YES;
				GCC_WARN_64_TO_32_BIT_CONVERSION = YES;
				GCC_WARN_ABOUT_RETURN_TYPE = YES_ERROR;
				GCC_WARN_UNDECLARED_SELECTOR = YES;
				GCC_WARN_UNINITIALIZED_AUTOS = YES_AGGRESSIVE;
				GCC_WARN_UNUSED_FUNCTION = YES;
				GCC_WARN_UNUSED_VARIABLE = YES;
				IPHONEOS_DEPLOYMENT_TARGET = 16.2;
				MTL_ENABLE_DEBUG_INFO = NO;
				MTL_FAST_MATH = YES;
				SDKROOT = iphoneos;
				SWIFT_COMPILATION_MODE = wholemodule;
				SWIFT_OPTIMIZATION_LEVEL = "-O";
				VALIDATE_PRODUCT = YES;
			};
			name = Release;
		};
		6ACCD32F2982D2780005599C /* Debug */ = {
			isa = XCBuildConfiguration;
			buildSettings = {
				ASSETCATALOG_COMPILER_APPICON_NAME = AppIcon;
				ASSETCATALOG_COMPILER_GLOBAL_ACCENT_COLOR_NAME = AccentColor;
				CODE_SIGN_STYLE = Automatic;
				CURRENT_PROJECT_VERSION = 1;
				DEVELOPMENT_ASSET_PATHS = "\"SocialMedia/Preview Content\"";
				DEVELOPMENT_TEAM = 76D4SJ8Y2Y;
				ENABLE_PREVIEWS = YES;
				GENERATE_INFOPLIST_FILE = YES;
				INFOPLIST_KEY_UIApplicationSceneManifest_Generation = YES;
				INFOPLIST_KEY_UIApplicationSupportsIndirectInputEvents = YES;
				INFOPLIST_KEY_UILaunchScreen_Generation = YES;
				INFOPLIST_KEY_UISupportedInterfaceOrientations_iPad = "UIInterfaceOrientationPortrait UIInterfaceOrientationPortraitUpsideDown UIInterfaceOrientationLandscapeLeft UIInterfaceOrientationLandscapeRight";
				INFOPLIST_KEY_UISupportedInterfaceOrientations_iPhone = "UIInterfaceOrientationPortrait UIInterfaceOrientationLandscapeLeft UIInterfaceOrientationLandscapeRight";
				LD_RUNPATH_SEARCH_PATHS = (
					"$(inherited)",
					"@executable_path/Frameworks",
				);
				MARKETING_VERSION = 1.0;
				PRODUCT_BUNDLE_IDENTIFIER = temp.SocialMedia;
				PRODUCT_NAME = "$(TARGET_NAME)";
				SWIFT_EMIT_LOC_STRINGS = YES;
				SWIFT_VERSION = 5.0;
				TARGETED_DEVICE_FAMILY = "1,2";
			};
			name = Debug;
		};
		6ACCD3302982D2780005599C /* Release */ = {
			isa = XCBuildConfiguration;
			buildSettings = {
				ASSETCATALOG_COMPILER_APPICON_NAME = AppIcon;
				ASSETCATALOG_COMPILER_GLOBAL_ACCENT_COLOR_NAME = AccentColor;
				CODE_SIGN_STYLE = Automatic;
				CURRENT_PROJECT_VERSION = 1;
				DEVELOPMENT_ASSET_PATHS = "\"SocialMedia/Preview Content\"";
				DEVELOPMENT_TEAM = 76D4SJ8Y2Y;
				ENABLE_PREVIEWS = YES;
				GENERATE_INFOPLIST_FILE = YES;
				INFOPLIST_KEY_UIApplicationSceneManifest_Generation = YES;
				INFOPLIST_KEY_UIApplicationSupportsIndirectInputEvents = YES;
				INFOPLIST_KEY_UILaunchScreen_Generation = YES;
				INFOPLIST_KEY_UISupportedInterfaceOrientations_iPad = "UIInterfaceOrientationPortrait UIInterfaceOrientationPortraitUpsideDown UIInterfaceOrientationLandscapeLeft UIInterfaceOrientationLandscapeRight";
				INFOPLIST_KEY_UISupportedInterfaceOrientations_iPhone = "UIInterfaceOrientationPortrait UIInterfaceOrientationLandscapeLeft UIInterfaceOrientationLandscapeRight";
				LD_RUNPATH_SEARCH_PATHS = (
					"$(inherited)",
					"@executable_path/Frameworks",
				);
				MARKETING_VERSION = 1.0;
				PRODUCT_BUNDLE_IDENTIFIER = temp.SocialMedia;
				PRODUCT_NAME = "$(TARGET_NAME)";
				SWIFT_EMIT_LOC_STRINGS = YES;
				SWIFT_VERSION = 5.0;
				TARGETED_DEVICE_FAMILY = "1,2";
			};
			name = Release;
		};
		6ACCD3322982D2780005599C /* Debug */ = {
			isa = XCBuildConfiguration;
			buildSettings = {
				ALWAYS_EMBED_SWIFT_STANDARD_LIBRARIES = YES;
				BUNDLE_LOADER = "$(TEST_HOST)";
				CODE_SIGN_STYLE = Automatic;
				CURRENT_PROJECT_VERSION = 1;
				DEVELOPMENT_TEAM = 76D4SJ8Y2Y;
				GENERATE_INFOPLIST_FILE = YES;
				IPHONEOS_DEPLOYMENT_TARGET = 16.2;
				MARKETING_VERSION = 1.0;
				PRODUCT_BUNDLE_IDENTIFIER = temp.SocialMediaTests;
				PRODUCT_NAME = "$(TARGET_NAME)";
				SWIFT_EMIT_LOC_STRINGS = NO;
				SWIFT_VERSION = 5.0;
				TARGETED_DEVICE_FAMILY = "1,2";
				TEST_HOST = "$(BUILT_PRODUCTS_DIR)/SocialMedia.app/$(BUNDLE_EXECUTABLE_FOLDER_PATH)/SocialMedia";
			};
			name = Debug;
		};
		6ACCD3332982D2780005599C /* Release */ = {
			isa = XCBuildConfiguration;
			buildSettings = {
				ALWAYS_EMBED_SWIFT_STANDARD_LIBRARIES = YES;
				BUNDLE_LOADER = "$(TEST_HOST)";
				CODE_SIGN_STYLE = Automatic;
				CURRENT_PROJECT_VERSION = 1;
				DEVELOPMENT_TEAM = 76D4SJ8Y2Y;
				GENERATE_INFOPLIST_FILE = YES;
				IPHONEOS_DEPLOYMENT_TARGET = 16.2;
				MARKETING_VERSION = 1.0;
				PRODUCT_BUNDLE_IDENTIFIER = temp.SocialMediaTests;
				PRODUCT_NAME = "$(TARGET_NAME)";
				SWIFT_EMIT_LOC_STRINGS = NO;
				SWIFT_VERSION = 5.0;
				TARGETED_DEVICE_FAMILY = "1,2";
				TEST_HOST = "$(BUILT_PRODUCTS_DIR)/SocialMedia.app/$(BUNDLE_EXECUTABLE_FOLDER_PATH)/SocialMedia";
			};
			name = Release;
		};
		6ACCD3352982D2780005599C /* Debug */ = {
			isa = XCBuildConfiguration;
			buildSettings = {
				ALWAYS_EMBED_SWIFT_STANDARD_LIBRARIES = YES;
				CODE_SIGN_STYLE = Automatic;
				CURRENT_PROJECT_VERSION = 1;
				DEVELOPMENT_TEAM = 76D4SJ8Y2Y;
				GENERATE_INFOPLIST_FILE = YES;
				MARKETING_VERSION = 1.0;
				PRODUCT_BUNDLE_IDENTIFIER = temp.SocialMediaUITests;
				PRODUCT_NAME = "$(TARGET_NAME)";
				SWIFT_EMIT_LOC_STRINGS = NO;
				SWIFT_VERSION = 5.0;
				TARGETED_DEVICE_FAMILY = "1,2";
				TEST_TARGET_NAME = SocialMedia;
			};
			name = Debug;
		};
		6ACCD3362982D2780005599C /* Release */ = {
			isa = XCBuildConfiguration;
			buildSettings = {
				ALWAYS_EMBED_SWIFT_STANDARD_LIBRARIES = YES;
				CODE_SIGN_STYLE = Automatic;
				CURRENT_PROJECT_VERSION = 1;
				DEVELOPMENT_TEAM = 76D4SJ8Y2Y;
				GENERATE_INFOPLIST_FILE = YES;
				MARKETING_VERSION = 1.0;
				PRODUCT_BUNDLE_IDENTIFIER = temp.SocialMediaUITests;
				PRODUCT_NAME = "$(TARGET_NAME)";
				SWIFT_EMIT_LOC_STRINGS = NO;
				SWIFT_VERSION = 5.0;
				TARGETED_DEVICE_FAMILY = "1,2";
				TEST_TARGET_NAME = SocialMedia;
			};
			name = Release;
		};
/* End XCBuildConfiguration section */

/* Begin XCConfigurationList section */
		6ACCD3052982D2770005599C /* Build configuration list for PBXProject "SocialMedia" */ = {
			isa = XCConfigurationList;
			buildConfigurations = (
				6ACCD32C2982D2780005599C /* Debug */,
				6ACCD32D2982D2780005599C /* Release */,
			);
			defaultConfigurationIsVisible = 0;
			defaultConfigurationName = Release;
		};
		6ACCD32E2982D2780005599C /* Build configuration list for PBXNativeTarget "SocialMedia" */ = {
			isa = XCConfigurationList;
			buildConfigurations = (
				6ACCD32F2982D2780005599C /* Debug */,
				6ACCD3302982D2780005599C /* Release */,
			);
			defaultConfigurationIsVisible = 0;
			defaultConfigurationName = Release;
		};
		6ACCD3312982D2780005599C /* Build configuration list for PBXNativeTarget "SocialMediaTests" */ = {
			isa = XCConfigurationList;
			buildConfigurations = (
				6ACCD3322982D2780005599C /* Debug */,
				6ACCD3332982D2780005599C /* Release */,
			);
			defaultConfigurationIsVisible = 0;
			defaultConfigurationName = Release;
		};
		6ACCD3342982D2780005599C /* Build configuration list for PBXNativeTarget "SocialMediaUITests" */ = {
			isa = XCConfigurationList;
			buildConfigurations = (
				6ACCD3352982D2780005599C /* Debug */,
				6ACCD3362982D2780005599C /* Release */,
			);
			defaultConfigurationIsVisible = 0;
			defaultConfigurationName = Release;
		};
/* End XCConfigurationList section */

/* Begin XCRemoteSwiftPackageReference section */
		6ABAB3C629A6538900022F81 /* XCRemoteSwiftPackageReference "firebase-ios-sdk" */ = {
			isa = XCRemoteSwiftPackageReference;
			repositoryURL = "https://github.com/firebase/firebase-ios-sdk";
			requirement = {
				kind = upToNextMajorVersion;
				minimumVersion = 9.0.0;
			};
		};
/* End XCRemoteSwiftPackageReference section */

/* Begin XCSwiftPackageProductDependency section */
		6A19FE9229AB82B9001400E6 /* FirebaseFirestore */ = {
			isa = XCSwiftPackageProductDependency;
			package = 6ABAB3C629A6538900022F81 /* XCRemoteSwiftPackageReference "firebase-ios-sdk" */;
			productName = FirebaseFirestore;
		};
		6A19FE9429AB82B9001400E6 /* FirebaseFirestoreSwift */ = {
			isa = XCSwiftPackageProductDependency;
			package = 6ABAB3C629A6538900022F81 /* XCRemoteSwiftPackageReference "firebase-ios-sdk" */;
			productName = FirebaseFirestoreSwift;
		};
		6A19FE9629AB82B9001400E6 /* FirebaseStorage */ = {
			isa = XCSwiftPackageProductDependency;
			package = 6ABAB3C629A6538900022F81 /* XCRemoteSwiftPackageReference "firebase-ios-sdk" */;
			productName = FirebaseStorage;
		};
		6ABAB3C729A6538900022F81 /* FirebaseAuth */ = {
			isa = XCSwiftPackageProductDependency;
			package = 6ABAB3C629A6538900022F81 /* XCRemoteSwiftPackageReference "firebase-ios-sdk" */;
			productName = FirebaseAuth;
		};
/* End XCSwiftPackageProductDependency section */
	};
	rootObject = 6ACCD3022982D2770005599C /* Project object */;
}
